// !$*UTF8*$!
{
	archiveVersion = 1;
	classes = {
	};
	objectVersion = 55;
	objects = {

/* Begin PBXBuildFile section */
		B984863A27DF064F0010ED2D /* CheckItemsTableViewCell.swift in Sources */ = {isa = PBXBuildFile; fileRef = B984863927DF064F0010ED2D /* CheckItemsTableViewCell.swift */; };
		B984863D27DF114A0010ED2D /* .swiftlint.yml in Resources */ = {isa = PBXBuildFile; fileRef = B984863C27DF114A0010ED2D /* .swiftlint.yml */; };
		B9890A1B27DEFE3D000AC750 /* AppDelegate.swift in Sources */ = {isa = PBXBuildFile; fileRef = B9890A1A27DEFE3D000AC750 /* AppDelegate.swift */; };
		B9890A1D27DEFE3D000AC750 /* SceneDelegate.swift in Sources */ = {isa = PBXBuildFile; fileRef = B9890A1C27DEFE3D000AC750 /* SceneDelegate.swift */; };
		B9890A1F27DEFE3D000AC750 /* ViewController.swift in Sources */ = {isa = PBXBuildFile; fileRef = B9890A1E27DEFE3D000AC750 /* ViewController.swift */; };
		B9890A2227DEFE3D000AC750 /* Main.storyboard in Resources */ = {isa = PBXBuildFile; fileRef = B9890A2027DEFE3D000AC750 /* Main.storyboard */; };
		B9890A2427DEFE3F000AC750 /* Assets.xcassets in Resources */ = {isa = PBXBuildFile; fileRef = B9890A2327DEFE3F000AC750 /* Assets.xcassets */; };
		B9890A2727DEFE3F000AC750 /* LaunchScreen.storyboard in Resources */ = {isa = PBXBuildFile; fileRef = B9890A2527DEFE3F000AC750 /* LaunchScreen.storyboard */; };
		B9890A2F27DF0117000AC750 /* SaveNameViewController.swift in Sources */ = {isa = PBXBuildFile; fileRef = B9890A2E27DF0117000AC750 /* SaveNameViewController.swift */; };
/* End PBXBuildFile section */

/* Begin PBXFileReference section */
		B984863927DF064F0010ED2D /* CheckItemsTableViewCell.swift */ = {isa = PBXFileReference; lastKnownFileType = sourcecode.swift; path = CheckItemsTableViewCell.swift; sourceTree = "<group>"; };
		B984863C27DF114A0010ED2D /* .swiftlint.yml */ = {isa = PBXFileReference; lastKnownFileType = text.yaml; path = .swiftlint.yml; sourceTree = "<group>"; };
		B9890A1727DEFE3D000AC750 /* KotaKadai15.app */ = {isa = PBXFileReference; explicitFileType = wrapper.application; includeInIndex = 0; path = KotaKadai15.app; sourceTree = BUILT_PRODUCTS_DIR; };
		B9890A1A27DEFE3D000AC750 /* AppDelegate.swift */ = {isa = PBXFileReference; lastKnownFileType = sourcecode.swift; path = AppDelegate.swift; sourceTree = "<group>"; };
		B9890A1C27DEFE3D000AC750 /* SceneDelegate.swift */ = {isa = PBXFileReference; lastKnownFileType = sourcecode.swift; path = SceneDelegate.swift; sourceTree = "<group>"; };
		B9890A1E27DEFE3D000AC750 /* ViewController.swift */ = {isa = PBXFileReference; lastKnownFileType = sourcecode.swift; path = ViewController.swift; sourceTree = "<group>"; };
		B9890A2127DEFE3D000AC750 /* Base */ = {isa = PBXFileReference; lastKnownFileType = file.storyboard; name = Base; path = Base.lproj/Main.storyboard; sourceTree = "<group>"; };
		B9890A2327DEFE3F000AC750 /* Assets.xcassets */ = {isa = PBXFileReference; lastKnownFileType = folder.assetcatalog; path = Assets.xcassets; sourceTree = "<group>"; };
		B9890A2627DEFE3F000AC750 /* Base */ = {isa = PBXFileReference; lastKnownFileType = file.storyboard; name = Base; path = Base.lproj/LaunchScreen.storyboard; sourceTree = "<group>"; };
		B9890A2827DEFE3F000AC750 /* Info.plist */ = {isa = PBXFileReference; lastKnownFileType = text.plist.xml; path = Info.plist; sourceTree = "<group>"; };
		B9890A2E27DF0117000AC750 /* SaveNameViewController.swift */ = {isa = PBXFileReference; lastKnownFileType = sourcecode.swift; path = SaveNameViewController.swift; sourceTree = "<group>"; };
/* End PBXFileReference section */

/* Begin PBXFrameworksBuildPhase section */
		B9890A1427DEFE3D000AC750 /* Frameworks */ = {
			isa = PBXFrameworksBuildPhase;
			buildActionMask = 2147483647;
			files = (
			);
			runOnlyForDeploymentPostprocessing = 0;
		};
/* End PBXFrameworksBuildPhase section */

/* Begin PBXGroup section */
		B9890A0E27DEFE3D000AC750 = {
			isa = PBXGroup;
			children = (
				B9890A1927DEFE3D000AC750 /* KotaKadai15 */,
				B9890A1827DEFE3D000AC750 /* Products */,
			);
			sourceTree = "<group>";
		};
		B9890A1827DEFE3D000AC750 /* Products */ = {
			isa = PBXGroup;
			children = (
				B9890A1727DEFE3D000AC750 /* KotaKadai15.app */,
			);
			name = Products;
			sourceTree = "<group>";
		};
		B9890A1927DEFE3D000AC750 /* KotaKadai15 */ = {
			isa = PBXGroup;
			children = (
				B9890A1A27DEFE3D000AC750 /* AppDelegate.swift */,
				B9890A1C27DEFE3D000AC750 /* SceneDelegate.swift */,
				B9890A1E27DEFE3D000AC750 /* ViewController.swift */,
				B9890A2E27DF0117000AC750 /* SaveNameViewController.swift */,
				B984863927DF064F0010ED2D /* CheckItemsTableViewCell.swift */,
				B9890A2027DEFE3D000AC750 /* Main.storyboard */,
				B9890A2327DEFE3F000AC750 /* Assets.xcassets */,
				B9890A2527DEFE3F000AC750 /* LaunchScreen.storyboard */,
				B9890A2827DEFE3F000AC750 /* Info.plist */,
				B984863C27DF114A0010ED2D /* .swiftlint.yml */,
			);
			path = KotaKadai15;
			sourceTree = "<group>";
		};
/* End PBXGroup section */

/* Begin PBXNativeTarget section */
		B9890A1627DEFE3D000AC750 /* KotaKadai15 */ = {
			isa = PBXNativeTarget;
			buildConfigurationList = B9890A2B27DEFE3F000AC750 /* Build configuration list for PBXNativeTarget "KotaKadai15" */;
			buildPhases = (
				B9890A1327DEFE3D000AC750 /* Sources */,
				B9890A1427DEFE3D000AC750 /* Frameworks */,
				B9890A1527DEFE3D000AC750 /* Resources */,
				B984863B27DF10930010ED2D /* ShellScript */,
			);
			buildRules = (
			);
			dependencies = (
			);
			name = KotaKadai15;
			productName = KotaKadai15;
			productReference = B9890A1727DEFE3D000AC750 /* KotaKadai15.app */;
			productType = "com.apple.product-type.application";
		};
/* End PBXNativeTarget section */

/* Begin PBXProject section */
		B9890A0F27DEFE3D000AC750 /* Project object */ = {
			isa = PBXProject;
			attributes = {
				BuildIndependentTargetsInParallel = 1;
				LastSwiftUpdateCheck = 1320;
				LastUpgradeCheck = 1320;
				TargetAttributes = {
					B9890A1627DEFE3D000AC750 = {
						CreatedOnToolsVersion = 13.2.1;
					};
				};
			};
			buildConfigurationList = B9890A1227DEFE3D000AC750 /* Build configuration list for PBXProject "KotaKadai15" */;
			compatibilityVersion = "Xcode 13.0";
			developmentRegion = en;
			hasScannedForEncodings = 0;
			knownRegions = (
				en,
				Base,
			);
			mainGroup = B9890A0E27DEFE3D000AC750;
			productRefGroup = B9890A1827DEFE3D000AC750 /* Products */;
			projectDirPath = "";
			projectRoot = "";
			targets = (
				B9890A1627DEFE3D000AC750 /* KotaKadai15 */,
			);
		};
/* End PBXProject section */

/* Begin PBXResourcesBuildPhase section */
		B9890A1527DEFE3D000AC750 /* Resources */ = {
			isa = PBXResourcesBuildPhase;
			buildActionMask = 2147483647;
			files = (
				B984863D27DF114A0010ED2D /* .swiftlint.yml in Resources */,
				B9890A2727DEFE3F000AC750 /* LaunchScreen.storyboard in Resources */,
				B9890A2427DEFE3F000AC750 /* Assets.xcassets in Resources */,
				B9890A2227DEFE3D000AC750 /* Main.storyboard in Resources */,
			);
			runOnlyForDeploymentPostprocessing = 0;
		};
/* End PBXResourcesBuildPhase section */

/* Begin PBXShellScriptBuildPhase section */
		B984863B27DF10930010ED2D /* ShellScript */ = {
			isa = PBXShellScriptBuildPhase;
			buildActionMask = 2147483647;
			files = (
			);
			inputFileListPaths = (
			);
			inputPaths = (
			);
			outputFileListPaths = (
			);
			outputPaths = (
			);
			runOnlyForDeploymentPostprocessing = 0;
			shellPath = /bin/sh;
			shellScript = "if which swiftlint >/dev/null; then\n  swiftlint\nelse\n  echo \"SwiftLint does not exist, download from https://github.com/realm/SwiftLint\"\nfi\n";
		};
/* End PBXShellScriptBuildPhase section */

/* Begin PBXSourcesBuildPhase section */
		B9890A1327DEFE3D000AC750 /* Sources */ = {
			isa = PBXSourcesBuildPhase;
			buildActionMask = 2147483647;
			files = (
				B9890A1F27DEFE3D000AC750 /* ViewController.swift in Sources */,
				B9890A1B27DEFE3D000AC750 /* AppDelegate.swift in Sources */,
				B9890A2F27DF0117000AC750 /* SaveNameViewController.swift in Sources */,
				B9890A1D27DEFE3D000AC750 /* SceneDelegate.swift in Sources */,
				B984863A27DF064F0010ED2D /* CheckItemsTableViewCell.swift in Sources */,
			);
			runOnlyForDeploymentPostprocessing = 0;
		};
/* End PBXSourcesBuildPhase section */

/* Begin PBXVariantGroup section */
		B9890A2027DEFE3D000AC750 /* Main.storyboard */ = {
			isa = PBXVariantGroup;
			children = (
				B9890A2127DEFE3D000AC750 /* Base */,
			);
			name = Main.storyboard;
			sourceTree = "<group>";
		};
		B9890A2527DEFE3F000AC750 /* LaunchScreen.storyboard */ = {
			isa = PBXVariantGroup;
			children = (
				B9890A2627DEFE3F000AC750 /* Base */,
			);
			name = LaunchScreen.storyboard;
			sourceTree = "<group>";
		};
/* End PBXVariantGroup section */

/* Begin XCBuildConfiguration section */
		B9890A2927DEFE3F000AC750 /* Debug */ = {
			isa = XCBuildConfiguration;
			buildSettings = {
				ALWAYS_SEARCH_USER_PATHS = NO;
				CLANG_ANALYZER_NONNULL = YES;
				CLANG_ANALYZER_NUMBER_OBJECT_CONVERSION = YES_AGGRESSIVE;
				CLANG_CXX_LANGUAGE_STANDARD = "gnu++17";
				CLANG_CXX_LIBRARY = "libc++";
				CLANG_ENABLE_MODULES = YES;
				CLANG_ENABLE_OBJC_ARC = YES;
				CLANG_ENABLE_OBJC_WEAK = YES;
				CLANG_WARN_BLOCK_CAPTURE_AUTORELEASING = YES;
				CLANG_WARN_BOOL_CONVERSION = YES;
				CLANG_WARN_COMMA = YES;
				CLANG_WARN_CONSTANT_CONVERSION = YES;
				CLANG_WARN_DEPRECATED_OBJC_IMPLEMENTATIONS = YES;
				CLANG_WARN_DIRECT_OBJC_ISA_USAGE = YES_ERROR;
				CLANG_WARN_DOCUMENTATION_COMMENTS = YES;
				CLANG_WARN_EMPTY_BODY = YES;
				CLANG_WARN_ENUM_CONVERSION = YES;
				CLANG_WARN_INFINITE_RECURSION = YES;
				CLANG_WARN_INT_CONVERSION = YES;
				CLANG_WARN_NON_LITERAL_NULL_CONVERSION = YES;
				CLANG_WARN_OBJC_IMPLICIT_RETAIN_SELF = YES;
				CLANG_WARN_OBJC_LITERAL_CONVERSION = YES;
				CLANG_WARN_OBJC_ROOT_CLASS = YES_ERROR;
				CLANG_WARN_QUOTED_INCLUDE_IN_FRAMEWORK_HEADER = YES;
				CLANG_WARN_RANGE_LOOP_ANALYSIS = YES;
				CLANG_WARN_STRICT_PROTOTYPES = YES;
				CLANG_WARN_SUSPICIOUS_MOVE = YES;
				CLANG_WARN_UNGUARDED_AVAILABILITY = YES_AGGRESSIVE;
				CLANG_WARN_UNREACHABLE_CODE = YES;
				CLANG_WARN__DUPLICATE_METHOD_MATCH = YES;
				COPY_PHASE_STRIP = NO;
				DEBUG_INFORMATION_FORMAT = dwarf;
				ENABLE_STRICT_OBJC_MSGSEND = YES;
				ENABLE_TESTABILITY = YES;
				GCC_C_LANGUAGE_STANDARD = gnu11;
				GCC_DYNAMIC_NO_PIC = NO;
				GCC_NO_COMMON_BLOCKS = YES;
				GCC_OPTIMIZATION_LEVEL = 0;
				GCC_PREPROCESSOR_DEFINITIONS = (
					"DEBUG=1",
					"$(inherited)",
				);
				GCC_WARN_64_TO_32_BIT_CONVERSION = YES;
				GCC_WARN_ABOUT_RETURN_TYPE = YES_ERROR;
				GCC_WARN_UNDECLARED_SELECTOR = YES;
				GCC_WARN_UNINITIALIZED_AUTOS = YES_AGGRESSIVE;
				GCC_WARN_UNUSED_FUNCTION = YES;
				GCC_WARN_UNUSED_VARIABLE = YES;
				IPHONEOS_DEPLOYMENT_TARGET = 15.2;
				MTL_ENABLE_DEBUG_INFO = INCLUDE_SOURCE;
				MTL_FAST_MATH = YES;
				ONLY_ACTIVE_ARCH = YES;
				SDKROOT = iphoneos;
				SWIFT_ACTIVE_COMPILATION_CONDITIONS = DEBUG;
				SWIFT_OPTIMIZATION_LEVEL = "-Onone";
			};
			name = Debug;
		};
		B9890A2A27DEFE3F000AC750 /* Release */ = {
			isa = XCBuildConfiguration;
			buildSettings = {
				ALWAYS_SEARCH_USER_PATHS = NO;
				CLANG_ANALYZER_NONNULL = YES;
				CLANG_ANALYZER_NUMBER_OBJECT_CONVERSION = YES_AGGRESSIVE;
				CLANG_CXX_LANGUAGE_STANDARD = "gnu++17";
				CLANG_CXX_LIBRARY = "libc++";
				CLANG_ENABLE_MODULES = YES;
				CLANG_ENABLE_OBJC_ARC = YES;
				CLANG_ENABLE_OBJC_WEAK = YES;
				CLANG_WARN_BLOCK_CAPTURE_AUTORELEASING = YES;
				CLANG_WARN_BOOL_CONVERSION = YES;
				CLANG_WARN_COMMA = YES;
				CLANG_WARN_CONSTANT_CONVERSION = YES;
				CLANG_WARN_DEPRECATED_OBJC_IMPLEMENTATIONS = YES;
				CLANG_WARN_DIRECT_OBJC_ISA_USAGE = YES_ERROR;
				CLANG_WARN_DOCUMENTATION_COMMENTS = YES;
				CLANG_WARN_EMPTY_BODY = YES;
				CLANG_WARN_ENUM_CONVERSION = YES;
				CLANG_WARN_INFINITE_RECURSION = YES;
				CLANG_WARN_INT_CONVERSION = YES;
				CLANG_WARN_NON_LITERAL_NULL_CONVERSION = YES;
				CLANG_WARN_OBJC_IMPLICIT_RETAIN_SELF = YES;
				CLANG_WARN_OBJC_LITERAL_CONVERSION = YES;
				CLANG_WARN_OBJC_ROOT_CLASS = YES_ERROR;
				CLANG_WARN_QUOTED_INCLUDE_IN_FRAMEWORK_HEADER = YES;
				CLANG_WARN_RANGE_LOOP_ANALYSIS = YES;
				CLANG_WARN_STRICT_PROTOTYPES = YES;
				CLANG_WARN_SUSPICIOUS_MOVE = YES;
				CLANG_WARN_UNGUARDED_AVAILABILITY = YES_AGGRESSIVE;
				CLANG_WARN_UNREACHABLE_CODE = YES;
				CLANG_WARN__DUPLICATE_METHOD_MATCH = YES;
				COPY_PHASE_STRIP = NO;
				DEBUG_INFORMATION_FORMAT = "dwarf-with-dsym";
				ENABLE_NS_ASSERTIONS = NO;
				ENABLE_STRICT_OBJC_MSGSEND = YES;
				GCC_C_LANGUAGE_STANDARD = gnu11;
				GCC_NO_COMMON_BLOCKS = YES;
				GCC_WARN_64_TO_32_BIT_CONVERSION = YES;
				GCC_WARN_ABOUT_RETURN_TYPE = YES_ERROR;
				GCC_WARN_UNDECLARED_SELECTOR = YES;
				GCC_WARN_UNINITIALIZED_AUTOS = YES_AGGRESSIVE;
				GCC_WARN_UNUSED_FUNCTION = YES;
				GCC_WARN_UNUSED_VARIABLE = YES;
				IPHONEOS_DEPLOYMENT_TARGET = 15.2;
				MTL_ENABLE_DEBUG_INFO = NO;
				MTL_FAST_MATH = YES;
				SDKROOT = iphoneos;
				SWIFT_COMPILATION_MODE = wholemodule;
				SWIFT_OPTIMIZATION_LEVEL = "-O";
				VALIDATE_PRODUCT = YES;
			};
			name = Release;
		};
		B9890A2C27DEFE3F000AC750 /* Debug */ = {
			isa = XCBuildConfiguration;
			buildSettings = {
				ASSETCATALOG_COMPILER_APPICON_NAME = AppIcon;
				ASSETCATALOG_COMPILER_GLOBAL_ACCENT_COLOR_NAME = AccentColor;
				CODE_SIGN_STYLE = Automatic;
				CURRENT_PROJECT_VERSION = 1;
				DEVELOPMENT_TEAM = 558ZJSQN67;
				GENERATE_INFOPLIST_FILE = YES;
				INFOPLIST_FILE = KotaKadai15/Info.plist;
				INFOPLIST_KEY_UIApplicationSupportsIndirectInputEvents = YES;
				INFOPLIST_KEY_UILaunchStoryboardName = LaunchScreen;
				INFOPLIST_KEY_UIMainStoryboardFile = Main;
				INFOPLIST_KEY_UISupportedInterfaceOrientations_iPad = "UIInterfaceOrientationPortrait UIInterfaceOrientationPortraitUpsideDown UIInterfaceOrientationLandscapeLeft UIInterfaceOrientationLandscapeRight";
				INFOPLIST_KEY_UISupportedInterfaceOrientations_iPhone = "UIInterfaceOrientationPortrait UIInterfaceOrientationLandscapeLeft UIInterfaceOrientationLandscapeRight";
				LD_RUNPATH_SEARCH_PATHS = (
					"$(inherited)",
					"@executable_path/Frameworks",
				);
				MARKETING_VERSION = 1.0;
				PRODUCT_BUNDLE_IDENTIFIER = org.tetoblog.KotaKadai15;
				PRODUCT_NAME = "$(TARGET_NAME)";
				SWIFT_EMIT_LOC_STRINGS = YES;
				SWIFT_VERSION = 5.0;
				TARGETED_DEVICE_FAMILY = "1,2";
			};
			name = Debug;
		};
		B9890A2D27DEFE3F000AC750 /* Release */ = {
			isa = XCBuildConfiguration;
			buildSettings = {
				ASSETCATALOG_COMPILER_APPICON_NAME = AppIcon;
				ASSETCATALOG_COMPILER_GLOBAL_ACCENT_COLOR_NAME = AccentColor;
				CODE_SIGN_STYLE = Automatic;
				CURRENT_PROJECT_VERSION = 1;
				DEVELOPMENT_TEAM = 558ZJSQN67;
				GENERATE_INFOPLIST_FILE = YES;
				INFOPLIST_FILE = KotaKadai15/Info.plist;
				INFOPLIST_KEY_UIApplicationSupportsIndirectInputEvents = YES;
				INFOPLIST_KEY_UILaunchStoryboardName = LaunchScreen;
				INFOPLIST_KEY_UIMainStoryboardFile = Main;
				INFOPLIST_KEY_UISupportedInterfaceOrientations_iPad = "UIInterfaceOrientationPortrait UIInterfaceOrientationPortraitUpsideDown UIInterfaceOrientationLandscapeLeft UIInterfaceOrientationLandscapeRight";
				INFOPLIST_KEY_UISupportedInterfaceOrientations_iPhone = "UIInterfaceOrientationPortrait UIInterfaceOrientationLandscapeLeft UIInterfaceOrientationLandscapeRight";
				LD_RUNPATH_SEARCH_PATHS = (
					"$(inherited)",
					"@executable_path/Frameworks",
				);
				MARKETING_VERSION = 1.0;
				PRODUCT_BUNDLE_IDENTIFIER = org.tetoblog.KotaKadai15;
				PRODUCT_NAME = "$(TARGET_NAME)";
				SWIFT_EMIT_LOC_STRINGS = YES;
				SWIFT_VERSION = 5.0;
				TARGETED_DEVICE_FAMILY = "1,2";
			};
			name = Release;
		};
/* End XCBuildConfiguration section */

/* Begin XCConfigurationList section */
		B9890A1227DEFE3D000AC750 /* Build configuration list for PBXProject "KotaKadai15" */ = {
			isa = XCConfigurationList;
			buildConfigurations = (
				B9890A2927DEFE3F000AC750 /* Debug */,
				B9890A2A27DEFE3F000AC750 /* Release */,
			);
			defaultConfigurationIsVisible = 0;
			defaultConfigurationName = Release;
		};
		B9890A2B27DEFE3F000AC750 /* Build configuration list for PBXNativeTarget "KotaKadai15" */ = {
			isa = XCConfigurationList;
			buildConfigurations = (
				B9890A2C27DEFE3F000AC750 /* Debug */,
				B9890A2D27DEFE3F000AC750 /* Release */,
			);
			defaultConfigurationIsVisible = 0;
			defaultConfigurationName = Release;
		};
/* End XCConfigurationList section */
	};
	rootObject = B9890A0F27DEFE3D000AC750 /* Project object */;
}
